{
  "name": "BotsOn-Front-Builder",
  "version": "1.0.0",
  "lockfileVersion": 2,
  "requires": true,
  "packages": {
    "": {
      "version": "1.0.0",
      "license": "ISC",
      "dependencies": {
        "typescript": "^4.7.2",
        "yaml": "^2.1.0"
      }
    },
    "node_modules/typescript": {
      "version": "4.7.2",
      "resolved": "https://registry.npmjs.org/typescript/-/typescript-4.7.2.tgz",
      "integrity": "sha512-Mamb1iX2FDUpcTRzltPxgWMKy3fhg0TN378ylbktPGPK/99KbDtMQ4W1hwgsbPAsG3a0xKa1vmw4VKZQbkvz5A==",
      "bin": {
        "tsc": "bin/tsc",
        "tsserver": "bin/tsserver"
      },
      "engines": {
        "node": ">=4.2.0"
      }
    },
    "node_modules/yaml": {
      "version": "2.1.0",
      "resolved": "https://registry.npmjs.org/yaml/-/yaml-2.1.0.tgz",
      "integrity": "sha512-OuAINfTsoJrY5H7CBWnKZhX6nZciXBydrMtTHr1dC4nP40X5jyTIVlogZHxSlVZM8zSgXRfgZGsaHF4+pV+JRw==",
      "engines": {
        "node": ">= 14"
      }
    }
  },
  "dependencies": {
    "typescript": {
      "version": "4.7.2",
      "resolved": "https://registry.npmjs.org/typescript/-/typescript-4.7.2.tgz",
      "integrity": "sha512-Mamb1iX2FDUpcTRzltPxgWMKy3fhg0TN378ylbktPGPK/99KbDtMQ4W1hwgsbPAsG3a0xKa1vmw4VKZQbkvz5A=="
    },
    "yaml": {
      "version": "2.1.0",
      "resolved": "https://registry.npmjs.org/yaml/-/yaml-2.1.0.tgz",
      "integrity": "sha512-OuAINfTsoJrY5H7CBWnKZhX6nZciXBydrMtTHr1dC4nP40X5jyTIVlogZHxSlVZM8zSgXRfgZGsaHF4+pV+JRw=="
    }
  }
}
